// !$*UTF8*$!
{
	archiveVersion = 1;
	classes = {
	};
	objectVersion = 60;
	objects = {

/* Begin PBXBuildFile section */
		416AA3F62B287676008DC504 /* ClockVC.swift in Sources */ = {isa = PBXBuildFile; fileRef = 416AA3F52B287676008DC504 /* ClockVC.swift */; };
		4170E7ED2B1EFF97007C90EA /* VC.swift in Sources */ = {isa = PBXBuildFile; fileRef = 4170E7EC2B1EFF97007C90EA /* VC.swift */; };
		4170E7EF2B1F073E007C90EA /* LiveFeedViewController.swift in Sources */ = {isa = PBXBuildFile; fileRef = 4170E7EE2B1F073E007C90EA /* LiveFeedViewController.swift */; };
		419F7D342AB2C6E200096486 /* AppDelegate.swift in Sources */ = {isa = PBXBuildFile; fileRef = 419F7D332AB2C6E200096486 /* AppDelegate.swift */; };
		419F7D362AB2C6E200096486 /* SceneDelegate.swift in Sources */ = {isa = PBXBuildFile; fileRef = 419F7D352AB2C6E200096486 /* SceneDelegate.swift */; };
		419F7D3B2AB2C6E200096486 /* Main.storyboard in Resources */ = {isa = PBXBuildFile; fileRef = 419F7D392AB2C6E200096486 /* Main.storyboard */; };
		419F7D3D2AB2C6E300096486 /* Assets.xcassets in Resources */ = {isa = PBXBuildFile; fileRef = 419F7D3C2AB2C6E300096486 /* Assets.xcassets */; };
		419F7D402AB2C6E300096486 /* LaunchScreen.storyboard in Resources */ = {isa = PBXBuildFile; fileRef = 419F7D3E2AB2C6E300096486 /* LaunchScreen.storyboard */; };
		419F7D4A2AB2CA8500096486 /* DistanceMesVC.swift in Sources */ = {isa = PBXBuildFile; fileRef = 419F7D492AB2CA8500096486 /* DistanceMesVC.swift */; };
		419F7D4C2AB2CCAE00096486 /* ImageSliderVC.swift in Sources */ = {isa = PBXBuildFile; fileRef = 419F7D4B2AB2CCAE00096486 /* ImageSliderVC.swift */; };
		419F7D4E2AB2CCF100096486 /* ResultVC.swift in Sources */ = {isa = PBXBuildFile; fileRef = 419F7D4D2AB2CCF100096486 /* ResultVC.swift */; };
		419F7D502AB2D7AF00096486 /* TransformVisualization.swift in Sources */ = {isa = PBXBuildFile; fileRef = 419F7D4F2AB2D7AF00096486 /* TransformVisualization.swift */; };
		419F7D532AB3289800096486 /* ResultCC.swift in Sources */ = {isa = PBXBuildFile; fileRef = 419F7D512AB3289800096486 /* ResultCC.swift */; };
		419F7D542AB3289800096486 /* ResultCC.xib in Resources */ = {isa = PBXBuildFile; fileRef = 419F7D522AB3289800096486 /* ResultCC.xib */; };
		41E9A60C2AB4550400DB564A /* Models.scnassets in Resources */ = {isa = PBXBuildFile; fileRef = 41E9A60B2AB4550400DB564A /* Models.scnassets */; };
/* End PBXBuildFile section */

/* Begin PBXFileReference section */
		416AA3F52B287676008DC504 /* ClockVC.swift */ = {isa = PBXFileReference; lastKnownFileType = sourcecode.swift; path = ClockVC.swift; sourceTree = "<group>"; };
		4170E7EC2B1EFF97007C90EA /* VC.swift */ = {isa = PBXFileReference; lastKnownFileType = sourcecode.swift; path = VC.swift; sourceTree = "<group>"; };
		4170E7EE2B1F073E007C90EA /* LiveFeedViewController.swift */ = {isa = PBXFileReference; lastKnownFileType = sourcecode.swift; path = LiveFeedViewController.swift; sourceTree = "<group>"; };
		419F7D302AB2C6E200096486 /* Oli-E PEM.app */ = {isa = PBXFileReference; explicitFileType = wrapper.application; includeInIndex = 0; path = "Oli-E PEM.app"; sourceTree = BUILT_PRODUCTS_DIR; };
		419F7D332AB2C6E200096486 /* AppDelegate.swift */ = {isa = PBXFileReference; lastKnownFileType = sourcecode.swift; path = AppDelegate.swift; sourceTree = "<group>"; };
		419F7D352AB2C6E200096486 /* SceneDelegate.swift */ = {isa = PBXFileReference; lastKnownFileType = sourcecode.swift; path = SceneDelegate.swift; sourceTree = "<group>"; };
		419F7D3A2AB2C6E200096486 /* Base */ = {isa = PBXFileReference; lastKnownFileType = file.storyboard; name = Base; path = Base.lproj/Main.storyboard; sourceTree = "<group>"; };
		419F7D3C2AB2C6E300096486 /* Assets.xcassets */ = {isa = PBXFileReference; lastKnownFileType = folder.assetcatalog; path = Assets.xcassets; sourceTree = "<group>"; };
		419F7D3F2AB2C6E300096486 /* Base */ = {isa = PBXFileReference; lastKnownFileType = file.storyboard; name = Base; path = Base.lproj/LaunchScreen.storyboard; sourceTree = "<group>"; };
		419F7D412AB2C6E300096486 /* Info.plist */ = {isa = PBXFileReference; lastKnownFileType = text.plist.xml; path = Info.plist; sourceTree = "<group>"; };
		419F7D492AB2CA8500096486 /* DistanceMesVC.swift */ = {isa = PBXFileReference; lastKnownFileType = sourcecode.swift; path = DistanceMesVC.swift; sourceTree = "<group>"; };
		419F7D4B2AB2CCAE00096486 /* ImageSliderVC.swift */ = {isa = PBXFileReference; lastKnownFileType = sourcecode.swift; path = ImageSliderVC.swift; sourceTree = "<group>"; };
		419F7D4D2AB2CCF100096486 /* ResultVC.swift */ = {isa = PBXFileReference; lastKnownFileType = sourcecode.swift; path = ResultVC.swift; sourceTree = "<group>"; };
		419F7D4F2AB2D7AF00096486 /* TransformVisualization.swift */ = {isa = PBXFileReference; lastKnownFileType = sourcecode.swift; path = TransformVisualization.swift; sourceTree = "<group>"; };
		419F7D512AB3289800096486 /* ResultCC.swift */ = {isa = PBXFileReference; lastKnownFileType = sourcecode.swift; path = ResultCC.swift; sourceTree = "<group>"; };
		419F7D522AB3289800096486 /* ResultCC.xib */ = {isa = PBXFileReference; lastKnownFileType = file.xib; path = ResultCC.xib; sourceTree = "<group>"; };
		41E9A60B2AB4550400DB564A /* Models.scnassets */ = {isa = PBXFileReference; lastKnownFileType = wrapper.scnassets; path = Models.scnassets; sourceTree = "<group>"; };
/* End PBXFileReference section */

/* Begin PBXFrameworksBuildPhase section */
		419F7D2D2AB2C6E200096486 /* Frameworks */ = {
			isa = PBXFrameworksBuildPhase;
			buildActionMask = 2147483647;
			files = (
			);
			runOnlyForDeploymentPostprocessing = 0;
		};
/* End PBXFrameworksBuildPhase section */

/* Begin PBXGroup section */
		419F7D272AB2C6E200096486 = {
			isa = PBXGroup;
			children = (
				419F7D322AB2C6E200096486 /* Oli-E PEM */,
				419F7D312AB2C6E200096486 /* Products */,
			);
			sourceTree = "<group>";
		};
		419F7D312AB2C6E200096486 /* Products */ = {
			isa = PBXGroup;
			children = (
				419F7D302AB2C6E200096486 /* Oli-E PEM.app */,
			);
			name = Products;
			sourceTree = "<group>";
		};
		419F7D322AB2C6E200096486 /* Oli-E PEM */ = {
			isa = PBXGroup;
			children = (
				419F7D332AB2C6E200096486 /* AppDelegate.swift */,
				419F7D352AB2C6E200096486 /* SceneDelegate.swift */,
				419F7D412AB2C6E300096486 /* Info.plist */,
				419F7D482AB2CA3100096486 /* Resources */,
				419F7D472AB2CA1F00096486 /* ViewController */,
			);
			path = "Oli-E PEM";
			sourceTree = "<group>";
		};
		419F7D472AB2CA1F00096486 /* ViewController */ = {
			isa = PBXGroup;
			children = (
				419F7D492AB2CA8500096486 /* DistanceMesVC.swift */,
				416AA3F52B287676008DC504 /* ClockVC.swift */,
				419F7D4B2AB2CCAE00096486 /* ImageSliderVC.swift */,
				419F7D4D2AB2CCF100096486 /* ResultVC.swift */,
				419F7D512AB3289800096486 /* ResultCC.swift */,
				419F7D522AB3289800096486 /* ResultCC.xib */,
				4170E7EC2B1EFF97007C90EA /* VC.swift */,
				4170E7EE2B1F073E007C90EA /* LiveFeedViewController.swift */,
			);
			path = ViewController;
			sourceTree = "<group>";
		};
		419F7D482AB2CA3100096486 /* Resources */ = {
			isa = PBXGroup;
			children = (
				419F7D392AB2C6E200096486 /* Main.storyboard */,
				419F7D3C2AB2C6E300096486 /* Assets.xcassets */,
				419F7D3E2AB2C6E300096486 /* LaunchScreen.storyboard */,
				419F7D4F2AB2D7AF00096486 /* TransformVisualization.swift */,
				41E9A60B2AB4550400DB564A /* Models.scnassets */,
			);
			path = Resources;
			sourceTree = "<group>";
		};
/* End PBXGroup section */

/* Begin PBXNativeTarget section */
		419F7D2F2AB2C6E200096486 /* Oli-E PEM */ = {
			isa = PBXNativeTarget;
			buildConfigurationList = 419F7D442AB2C6E300096486 /* Build configuration list for PBXNativeTarget "Oli-E PEM" */;
			buildPhases = (
				419F7D2C2AB2C6E200096486 /* Sources */,
				419F7D2D2AB2C6E200096486 /* Frameworks */,
				419F7D2E2AB2C6E200096486 /* Resources */,
			);
			buildRules = (
			);
			dependencies = (
			);
			name = "Oli-E PEM";
			productName = "Oli-E";
			productReference = 419F7D302AB2C6E200096486 /* Oli-E PEM.app */;
			productType = "com.apple.product-type.application";
		};
/* End PBXNativeTarget section */

/* Begin PBXProject section */
		419F7D282AB2C6E200096486 /* Project object */ = {
			isa = PBXProject;
			attributes = {
				BuildIndependentTargetsInParallel = 1;
				LastSwiftUpdateCheck = 1430;
				LastUpgradeCheck = 1430;
				TargetAttributes = {
					419F7D2F2AB2C6E200096486 = {
						CreatedOnToolsVersion = 14.3.1;
					};
				};
			};
			buildConfigurationList = 419F7D2B2AB2C6E200096486 /* Build configuration list for PBXProject "Oli-E PEM" */;
			compatibilityVersion = "Xcode 15.0";
			developmentRegion = en;
			hasScannedForEncodings = 0;
			knownRegions = (
				en,
				Base,
			);
			mainGroup = 419F7D272AB2C6E200096486;
			productRefGroup = 419F7D312AB2C6E200096486 /* Products */;
			projectDirPath = "";
			projectRoot = "";
			targets = (
				419F7D2F2AB2C6E200096486 /* Oli-E PEM */,
			);
		};
/* End PBXProject section */

/* Begin PBXResourcesBuildPhase section */
		419F7D2E2AB2C6E200096486 /* Resources */ = {
			isa = PBXResourcesBuildPhase;
			buildActionMask = 2147483647;
			files = (
				419F7D402AB2C6E300096486 /* LaunchScreen.storyboard in Resources */,
				419F7D3D2AB2C6E300096486 /* Assets.xcassets in Resources */,
				419F7D542AB3289800096486 /* ResultCC.xib in Resources */,
				41E9A60C2AB4550400DB564A /* Models.scnassets in Resources */,
				419F7D3B2AB2C6E200096486 /* Main.storyboard in Resources */,
			);
			runOnlyForDeploymentPostprocessing = 0;
		};
/* End PBXResourcesBuildPhase section */

/* Begin PBXSourcesBuildPhase section */
		419F7D2C2AB2C6E200096486 /* Sources */ = {
			isa = PBXSourcesBuildPhase;
			buildActionMask = 2147483647;
			files = (
				419F7D4E2AB2CCF100096486 /* ResultVC.swift in Sources */,
				416AA3F62B287676008DC504 /* ClockVC.swift in Sources */,
				419F7D502AB2D7AF00096486 /* TransformVisualization.swift in Sources */,
				4170E7EF2B1F073E007C90EA /* LiveFeedViewController.swift in Sources */,
				419F7D342AB2C6E200096486 /* AppDelegate.swift in Sources */,
				419F7D4C2AB2CCAE00096486 /* ImageSliderVC.swift in Sources */,
				4170E7ED2B1EFF97007C90EA /* VC.swift in Sources */,
				419F7D362AB2C6E200096486 /* SceneDelegate.swift in Sources */,
				419F7D4A2AB2CA8500096486 /* DistanceMesVC.swift in Sources */,
				419F7D532AB3289800096486 /* ResultCC.swift in Sources */,
			);
			runOnlyForDeploymentPostprocessing = 0;
		};
/* End PBXSourcesBuildPhase section */

/* Begin PBXVariantGroup section */
		419F7D392AB2C6E200096486 /* Main.storyboard */ = {
			isa = PBXVariantGroup;
			children = (
				419F7D3A2AB2C6E200096486 /* Base */,
			);
			name = Main.storyboard;
			sourceTree = "<group>";
		};
		419F7D3E2AB2C6E300096486 /* LaunchScreen.storyboard */ = {
			isa = PBXVariantGroup;
			children = (
				419F7D3F2AB2C6E300096486 /* Base */,
			);
			name = LaunchScreen.storyboard;
			sourceTree = "<group>";
		};
/* End PBXVariantGroup section */

/* Begin XCBuildConfiguration section */
		419F7D422AB2C6E300096486 /* Debug */ = {
			isa = XCBuildConfiguration;
			buildSettings = {
				ALWAYS_SEARCH_USER_PATHS = NO;
				CLANG_ANALYZER_NONNULL = YES;
				CLANG_ANALYZER_NUMBER_OBJECT_CONVERSION = YES_AGGRESSIVE;
				CLANG_CXX_LANGUAGE_STANDARD = "gnu++20";
				CLANG_ENABLE_MODULES = YES;
				CLANG_ENABLE_OBJC_ARC = YES;
				CLANG_ENABLE_OBJC_WEAK = YES;
				CLANG_WARN_BLOCK_CAPTURE_AUTORELEASING = YES;
				CLANG_WARN_BOOL_CONVERSION = YES;
				CLANG_WARN_COMMA = YES;
				CLANG_WARN_CONSTANT_CONVERSION = YES;
				CLANG_WARN_DEPRECATED_OBJC_IMPLEMENTATIONS = YES;
				CLANG_WARN_DIRECT_OBJC_ISA_USAGE = YES_ERROR;
				CLANG_WARN_DOCUMENTATION_COMMENTS = YES;
				CLANG_WARN_EMPTY_BODY = YES;
				CLANG_WARN_ENUM_CONVERSION = YES;
				CLANG_WARN_INFINITE_RECURSION = YES;
				CLANG_WARN_INT_CONVERSION = YES;
				CLANG_WARN_NON_LITERAL_NULL_CONVERSION = YES;
				CLANG_WARN_OBJC_IMPLICIT_RETAIN_SELF = YES;
				CLANG_WARN_OBJC_LITERAL_CONVERSION = YES;
				CLANG_WARN_OBJC_ROOT_CLASS = YES_ERROR;
				CLANG_WARN_QUOTED_INCLUDE_IN_FRAMEWORK_HEADER = YES;
				CLANG_WARN_RANGE_LOOP_ANALYSIS = YES;
				CLANG_WARN_STRICT_PROTOTYPES = YES;
				CLANG_WARN_SUSPICIOUS_MOVE = YES;
				CLANG_WARN_UNGUARDED_AVAILABILITY = YES_AGGRESSIVE;
				CLANG_WARN_UNREACHABLE_CODE = YES;
				CLANG_WARN__DUPLICATE_METHOD_MATCH = YES;
				COPY_PHASE_STRIP = NO;
				DEBUG_INFORMATION_FORMAT = dwarf;
				ENABLE_STRICT_OBJC_MSGSEND = YES;
				ENABLE_TESTABILITY = YES;
				GCC_C_LANGUAGE_STANDARD = gnu11;
				GCC_DYNAMIC_NO_PIC = NO;
				GCC_NO_COMMON_BLOCKS = YES;
				GCC_OPTIMIZATION_LEVEL = 0;
				GCC_PREPROCESSOR_DEFINITIONS = (
					"DEBUG=1",
					"$(inherited)",
				);
				GCC_WARN_64_TO_32_BIT_CONVERSION = YES;
				GCC_WARN_ABOUT_RETURN_TYPE = YES_ERROR;
				GCC_WARN_UNDECLARED_SELECTOR = YES;
				GCC_WARN_UNINITIALIZED_AUTOS = YES_AGGRESSIVE;
				GCC_WARN_UNUSED_FUNCTION = YES;
				GCC_WARN_UNUSED_VARIABLE = YES;
				IPHONEOS_DEPLOYMENT_TARGET = 16.0;
				MTL_ENABLE_DEBUG_INFO = INCLUDE_SOURCE;
				MTL_FAST_MATH = YES;
				ONLY_ACTIVE_ARCH = YES;
				SDKROOT = iphoneos;
				SWIFT_ACTIVE_COMPILATION_CONDITIONS = DEBUG;
				SWIFT_OPTIMIZATION_LEVEL = "-Onone";
			};
			name = Debug;
		};
		419F7D432AB2C6E300096486 /* Release */ = {
			isa = XCBuildConfiguration;
			buildSettings = {
				ALWAYS_SEARCH_USER_PATHS = NO;
				CLANG_ANALYZER_NONNULL = YES;
				CLANG_ANALYZER_NUMBER_OBJECT_CONVERSION = YES_AGGRESSIVE;
				CLANG_CXX_LANGUAGE_STANDARD = "gnu++20";
				CLANG_ENABLE_MODULES = YES;
				CLANG_ENABLE_OBJC_ARC = YES;
				CLANG_ENABLE_OBJC_WEAK = YES;
				CLANG_WARN_BLOCK_CAPTURE_AUTORELEASING = YES;
				CLANG_WARN_BOOL_CONVERSION = YES;
				CLANG_WARN_COMMA = YES;
				CLANG_WARN_CONSTANT_CONVERSION = YES;
				CLANG_WARN_DEPRECATED_OBJC_IMPLEMENTATIONS = YES;
				CLANG_WARN_DIRECT_OBJC_ISA_USAGE = YES_ERROR;
				CLANG_WARN_DOCUMENTATION_COMMENTS = YES;
				CLANG_WARN_EMPTY_BODY = YES;
				CLANG_WARN_ENUM_CONVERSION = YES;
				CLANG_WARN_INFINITE_RECURSION = YES;
				CLANG_WARN_INT_CONVERSION = YES;
				CLANG_WARN_NON_LITERAL_NULL_CONVERSION = YES;
				CLANG_WARN_OBJC_IMPLICIT_RETAIN_SELF = YES;
				CLANG_WARN_OBJC_LITERAL_CONVERSION = YES;
				CLANG_WARN_OBJC_ROOT_CLASS = YES_ERROR;
				CLANG_WARN_QUOTED_INCLUDE_IN_FRAMEWORK_HEADER = YES;
				CLANG_WARN_RANGE_LOOP_ANALYSIS = YES;
				CLANG_WARN_STRICT_PROTOTYPES = YES;
				CLANG_WARN_SUSPICIOUS_MOVE = YES;
				CLANG_WARN_UNGUARDED_AVAILABILITY = YES_AGGRESSIVE;
				CLANG_WARN_UNREACHABLE_CODE = YES;
				CLANG_WARN__DUPLICATE_METHOD_MATCH = YES;
				COPY_PHASE_STRIP = NO;
				DEBUG_INFORMATION_FORMAT = "dwarf-with-dsym";
				ENABLE_NS_ASSERTIONS = NO;
				ENABLE_STRICT_OBJC_MSGSEND = YES;
				GCC_C_LANGUAGE_STANDARD = gnu11;
				GCC_NO_COMMON_BLOCKS = YES;
				GCC_WARN_64_TO_32_BIT_CONVERSION = YES;
				GCC_WARN_ABOUT_RETURN_TYPE = YES_ERROR;
				GCC_WARN_UNDECLARED_SELECTOR = YES;
				GCC_WARN_UNINITIALIZED_AUTOS = YES_AGGRESSIVE;
				GCC_WARN_UNUSED_FUNCTION = YES;
				GCC_WARN_UNUSED_VARIABLE = YES;
				IPHONEOS_DEPLOYMENT_TARGET = 16.0;
				MTL_ENABLE_DEBUG_INFO = NO;
				MTL_FAST_MATH = YES;
				SDKROOT = iphoneos;
				SWIFT_COMPILATION_MODE = wholemodule;
				SWIFT_OPTIMIZATION_LEVEL = "-O";
				VALIDATE_PRODUCT = YES;
			};
			name = Release;
		};
		419F7D452AB2C6E300096486 /* Debug */ = {
			isa = XCBuildConfiguration;
			buildSettings = {
				ASSETCATALOG_COMPILER_APPICON_NAME = AppIcon;
				ASSETCATALOG_COMPILER_GLOBAL_ACCENT_COLOR_NAME = AccentColor;
				CODE_SIGN_IDENTITY = "Apple Development";
				CODE_SIGN_STYLE = Automatic;
				CURRENT_PROJECT_VERSION = 1;
				DEVELOPMENT_TEAM = 4Z2A263QT6;
				GENERATE_INFOPLIST_FILE = YES;
				INFOPLIST_FILE = "Oli-E PEM/Info.plist";
				INFOPLIST_KEY_CFBundleDisplayName = "OLI-E PFM";
				INFOPLIST_KEY_NSCameraUsageDescription = "For face detet";
				INFOPLIST_KEY_UIApplicationSupportsIndirectInputEvents = YES;
				INFOPLIST_KEY_UILaunchStoryboardName = LaunchScreen;
				INFOPLIST_KEY_UIMainStoryboardFile = Main;
				INFOPLIST_KEY_UIRequiresFullScreen = YES;
				INFOPLIST_KEY_UIStatusBarHidden = NO;
				INFOPLIST_KEY_UISupportedInterfaceOrientations = "UIInterfaceOrientationLandscapeLeft UIInterfaceOrientationLandscapeRight UIInterfaceOrientationPortrait";
				IPHONEOS_DEPLOYMENT_TARGET = 17.0;
				LD_RUNPATH_SEARCH_PATHS = (
					"$(inherited)",
					"@executable_path/Frameworks",
				);
				MARKETING_VERSION = 1.0;
				PRODUCT_BUNDLE_IDENTIFIER = "Verticle.Oli-E-PEM";
				PRODUCT_NAME = "$(TARGET_NAME)";
				PROVISIONING_PROFILE_SPECIFIER = "";
				SUPPORTED_PLATFORMS = "iphoneos iphonesimulator";
				SUPPORTS_MACCATALYST = NO;
				SUPPORTS_MAC_DESIGNED_FOR_IPHONE_IPAD = NO;
				SWIFT_EMIT_LOC_STRINGS = YES;
				SWIFT_VERSION = 5.0;
				TARGETED_DEVICE_FAMILY = 2;
			};
			name = Debug;
		};
		419F7D462AB2C6E300096486 /* Release */ = {
			isa = XCBuildConfiguration;
			buildSettings = {
				ASSETCATALOG_COMPILER_APPICON_NAME = AppIcon;
				ASSETCATALOG_COMPILER_GLOBAL_ACCENT_COLOR_NAME = AccentColor;
				CODE_SIGN_IDENTITY = "Apple Development";
				CODE_SIGN_STYLE = Automatic;
				CURRENT_PROJECT_VERSION = 1;
				DEVELOPMENT_TEAM = 4Z2A263QT6;
				GENERATE_INFOPLIST_FILE = YES;
				INFOPLIST_FILE = "Oli-E PEM/Info.plist";
				INFOPLIST_KEY_CFBundleDisplayName = "OLI-E PFM";
				INFOPLIST_KEY_NSCameraUsageDescription = "For face detet";
				INFOPLIST_KEY_UIApplicationSupportsIndirectInputEvents = YES;
				INFOPLIST_KEY_UILaunchStoryboardName = LaunchScreen;
				INFOPLIST_KEY_UIMainStoryboardFile = Main;
				INFOPLIST_KEY_UIRequiresFullScreen = YES;
				INFOPLIST_KEY_UIStatusBarHidden = NO;
				INFOPLIST_KEY_UISupportedInterfaceOrientations = "UIInterfaceOrientationLandscapeLeft UIInterfaceOrientationLandscapeRight UIInterfaceOrientationPortrait";
				IPHONEOS_DEPLOYMENT_TARGET = 17.0;
				LD_RUNPATH_SEARCH_PATHS = (
					"$(inherited)",
					"@executable_path/Frameworks",
				);
				MARKETING_VERSION = 1.0;
				PRODUCT_BUNDLE_IDENTIFIER = "Verticle.Oli-E-PEM";
				PRODUCT_NAME = "$(TARGET_NAME)";
				PROVISIONING_PROFILE_SPECIFIER = "";
				SUPPORTED_PLATFORMS = "iphoneos iphonesimulator";
				SUPPORTS_MACCATALYST = NO;
				SUPPORTS_MAC_DESIGNED_FOR_IPHONE_IPAD = NO;
				SWIFT_EMIT_LOC_STRINGS = YES;
				SWIFT_VERSION = 5.0;
				TARGETED_DEVICE_FAMILY = 2;
			};
			name = Release;
		};
/* End XCBuildConfiguration section */

/* Begin XCConfigurationList section */
		419F7D2B2AB2C6E200096486 /* Build configuration list for PBXProject "Oli-E PEM" */ = {
			isa = XCConfigurationList;
			buildConfigurations = (
				419F7D422AB2C6E300096486 /* Debug */,
				419F7D432AB2C6E300096486 /* Release */,
			);
			defaultConfigurationIsVisible = 0;
			defaultConfigurationName = Release;
		};
		419F7D442AB2C6E300096486 /* Build configuration list for PBXNativeTarget "Oli-E PEM" */ = {
			isa = XCConfigurationList;
			buildConfigurations = (
				419F7D452AB2C6E300096486 /* Debug */,
				419F7D462AB2C6E300096486 /* Release */,
			);
			defaultConfigurationIsVisible = 0;
			defaultConfigurationName = Release;
		};
/* End XCConfigurationList section */
	};
	rootObject = 419F7D282AB2C6E200096486 /* Project object */;
}
